
Microsoft Visual Studio Solution File, Format Version 12.00
# Visual Studio Version 17
VisualStudioVersion = 17.8.34511.84
MinimumVisualStudioVersion = 10.0.40219.1
Project("{FAE04EC0-301F-11D3-BF4B-00C04F79EFBC}") = "122_Petrov", "122_Petrov\122_Petrov.csproj", "{F24D50C7-DA52-4EC3-88E2-5D7D9CAA7201}"
EndProject
Global
	GlobalSection(SolutionConfigurationPlatforms) = preSolution
		Debug|Any CPU = Debug|Any CPU
		Release|Any CPU = Release|Any CPU
	EndGlobalSection
	GlobalSection(ProjectConfigurationPlatforms) = postSolution
		{F24D50C7-DA52-4EC3-88E2-5D7D9CAA7201}.Debug|Any CPU.ActiveCfg = Debug|Any CPU
		{F24D50C7-DA52-4EC3-88E2-5D7D9CAA7201}.Debug|Any CPU.Build.0 = Debug|Any CPU
		{F24D50C7-DA52-4EC3-88E2-5D7D9CAA7201}.Release|Any CPU.ActiveCfg = Release|Any CPU
		{F24D50C7-DA52-4EC3-88E2-5D7D9CAA7201}.Release|Any CPU.Build.0 = Release|Any CPU
	EndGlobalSection
	GlobalSection(SolutionProperties) = preSolution
		HideSolutionNode = FALSE
	EndGlobalSection
	GlobalSection(ExtensibilityGlobals) = postSolution
		SolutionGuid = {89BF7AAC-2C0C-43F6-AA87-2A07512C746C}
	EndGlobalSection
EndGlobal
