
Microsoft Visual Studio Solution File, Format Version 12.00
# Visual Studio Version 17
VisualStudioVersion = 17.11.35431.28
MinimumVisualStudioVersion = 10.0.40219.1
Project("{FAE04EC0-301F-11D3-BF4B-00C04F79EFBC}") = "Практическая работа 1", "Практическая работа 1.csproj", "{00D2404F-88F7-4A63-B1F4-A68760B0BDA2}"
EndProject
Global
	GlobalSection(SolutionConfigurationPlatforms) = preSolution
		Debug|Any CPU = Debug|Any CPU
		Release|Any CPU = Release|Any CPU
	EndGlobalSection
	GlobalSection(ProjectConfigurationPlatforms) = postSolution
		{00D2404F-88F7-4A63-B1F4-A68760B0BDA2}.Debug|Any CPU.ActiveCfg = Debug|Any CPU
		{00D2404F-88F7-4A63-B1F4-A68760B0BDA2}.Debug|Any CPU.Build.0 = Debug|Any CPU
		{00D2404F-88F7-4A63-B1F4-A68760B0BDA2}.Release|Any CPU.ActiveCfg = Release|Any CPU
		{00D2404F-88F7-4A63-B1F4-A68760B0BDA2}.Release|Any CPU.Build.0 = Release|Any CPU
	EndGlobalSection
	GlobalSection(SolutionProperties) = preSolution
		HideSolutionNode = FALSE
	EndGlobalSection
	GlobalSection(ExtensibilityGlobals) = postSolution
		SolutionGuid = {C1BC9370-BDEB-459F-A845-DB1E322A0C0E}
	EndGlobalSection
EndGlobal
